{
    "name": "electron-react-desktop-app",
    "version": "0.4.7",
    "lockfileVersion": 3,
    "requires": true,
    "packages": {
        "": {
            "name": "electron-react-desktop-app",
            "version": "0.4.7",
            "hasInstallScript": true,
            "license": "MIT"
        }
    }
}
